
Microsoft Visual Studio Solution File, Format Version 12.00
# Visual Studio Version 16
VisualStudioVersion = 16.0.31205.134
MinimumVisualStudioVersion = 10.0.40219.1
Project("{FAE04EC0-301F-11D3-BF4B-00C04F79EFBC}") = "DatingAppBE", "DatingAppBE\DatingAppBE.csproj", "{8DEE6456-221C-471D-AC0D-147E848632F5}"
EndProject
Global
	GlobalSection(SolutionConfigurationPlatforms) = preSolution
		Debug|Any CPU = Debug|Any CPU
		Release|Any CPU = Release|Any CPU
	EndGlobalSection
	GlobalSection(ProjectConfigurationPlatforms) = postSolution
		{8DEE6456-221C-471D-AC0D-147E848632F5}.Debug|Any CPU.ActiveCfg = Debug|Any CPU
		{8DEE6456-221C-471D-AC0D-147E848632F5}.Debug|Any CPU.Build.0 = Debug|Any CPU
		{8DEE6456-221C-471D-AC0D-147E848632F5}.Release|Any CPU.ActiveCfg = Release|Any CPU
		{8DEE6456-221C-471D-AC0D-147E848632F5}.Release|Any CPU.Build.0 = Release|Any CPU
	EndGlobalSection
	GlobalSection(SolutionProperties) = preSolution
		HideSolutionNode = FALSE
	EndGlobalSection
	GlobalSection(ExtensibilityGlobals) = postSolution
		SolutionGuid = {5D5ABBA6-CC74-4471-8DCF-1304CDF13417}
	EndGlobalSection
EndGlobal
